
Microsoft Visual Studio Solution File, Format Version 12.00
# Visual Studio Version 17
VisualStudioVersion = 17.8.34408.163
MinimumVisualStudioVersion = 10.0.40219.1
Project("{9A19103F-16F7-4668-BE54-9A1E7A4F7556}") = "Atividade6", "Atividade6\Atividade6.csproj", "{4520EDBC-7B7E-495A-BCF9-72954777C3D7}"
EndProject
Project("{FAE04EC0-301F-11D3-BF4B-00C04F79EFBC}") = "Atividade6_pt2", "Atividade6_pt2\Atividade6_pt2.csproj", "{474FC0D4-69A2-4DF1-8AD8-258C3DAE2DC9}"
EndProject
Global
	GlobalSection(SolutionConfigurationPlatforms) = preSolution
		Debug|Any CPU = Debug|Any CPU
		Release|Any CPU = Release|Any CPU
	EndGlobalSection
	GlobalSection(ProjectConfigurationPlatforms) = postSolution
		{4520EDBC-7B7E-495A-BCF9-72954777C3D7}.Debug|Any CPU.ActiveCfg = Debug|Any CPU
		{4520EDBC-7B7E-495A-BCF9-72954777C3D7}.Debug|Any CPU.Build.0 = Debug|Any CPU
		{4520EDBC-7B7E-495A-BCF9-72954777C3D7}.Release|Any CPU.ActiveCfg = Release|Any CPU
		{4520EDBC-7B7E-495A-BCF9-72954777C3D7}.Release|Any CPU.Build.0 = Release|Any CPU
		{474FC0D4-69A2-4DF1-8AD8-258C3DAE2DC9}.Debug|Any CPU.ActiveCfg = Debug|Any CPU
		{474FC0D4-69A2-4DF1-8AD8-258C3DAE2DC9}.Debug|Any CPU.Build.0 = Debug|Any CPU
		{474FC0D4-69A2-4DF1-8AD8-258C3DAE2DC9}.Release|Any CPU.ActiveCfg = Release|Any CPU
		{474FC0D4-69A2-4DF1-8AD8-258C3DAE2DC9}.Release|Any CPU.Build.0 = Release|Any CPU
	EndGlobalSection
	GlobalSection(SolutionProperties) = preSolution
		HideSolutionNode = FALSE
	EndGlobalSection
	GlobalSection(ExtensibilityGlobals) = postSolution
		SolutionGuid = {7C97AC58-6D94-47C4-99CE-9C0C4963668A}
	EndGlobalSection
EndGlobal
